
Microsoft Visual Studio Solution File, Format Version 12.00
# Visual Studio 2012
Project("{FAE04EC0-301F-11D3-BF4B-00C04F79EFBC}") = "Modul02", "Modul02.csproj", "{02CFD102-5620-4614-9BCA-D66BD2994CE6}"
EndProject
Project("{FAE04EC0-301F-11D3-BF4B-00C04F79EFBC}") = "TableProject", "TableProject\TableProject.csproj", "{C360AE72-1497-4817-ABA7-F270A899A034}"
EndProject
Global
	GlobalSection(SolutionConfigurationPlatforms) = preSolution
		Debug|x86 = Debug|x86
		Release|x86 = Release|x86
	EndGlobalSection
	GlobalSection(ProjectConfigurationPlatforms) = postSolution
		{02CFD102-5620-4614-9BCA-D66BD2994CE6}.Debug|x86.ActiveCfg = Debug|x86
		{02CFD102-5620-4614-9BCA-D66BD2994CE6}.Debug|x86.Build.0 = Debug|x86
		{02CFD102-5620-4614-9BCA-D66BD2994CE6}.Release|x86.ActiveCfg = Release|x86
		{02CFD102-5620-4614-9BCA-D66BD2994CE6}.Release|x86.Build.0 = Release|x86
		{C360AE72-1497-4817-ABA7-F270A899A034}.Debug|x86.ActiveCfg = Debug|x86
		{C360AE72-1497-4817-ABA7-F270A899A034}.Debug|x86.Build.0 = Debug|x86
		{C360AE72-1497-4817-ABA7-F270A899A034}.Release|x86.ActiveCfg = Release|x86
		{C360AE72-1497-4817-ABA7-F270A899A034}.Release|x86.Build.0 = Release|x86
	EndGlobalSection
EndGlobal
